
Microsoft Visual Studio Solution File, Format Version 12.00
# Visual Studio 15
VisualStudioVersion = 15.0.28010.2036
MinimumVisualStudioVersion = 10.0.40219.1
Project("{9A19103F-16F7-4668-BE54-9A1E7A4F7556}") = "WoSS.Containers.QuadTree", "WoSS.Containers.QuadTree.csproj", "{82837328-3919-4F72-8D80-B3C693D961B8}"
EndProject
Global
	GlobalSection(SolutionConfigurationPlatforms) = preSolution
		Debug|Any CPU = Debug|Any CPU
		Release|Any CPU = Release|Any CPU
	EndGlobalSection
	GlobalSection(ProjectConfigurationPlatforms) = postSolution
		{82837328-3919-4F72-8D80-B3C693D961B8}.Debug|Any CPU.ActiveCfg = Debug|Any CPU
		{82837328-3919-4F72-8D80-B3C693D961B8}.Debug|Any CPU.Build.0 = Debug|Any CPU
		{82837328-3919-4F72-8D80-B3C693D961B8}.Release|Any CPU.ActiveCfg = Release|Any CPU
		{82837328-3919-4F72-8D80-B3C693D961B8}.Release|Any CPU.Build.0 = Release|Any CPU
	EndGlobalSection
	GlobalSection(SolutionProperties) = preSolution
		HideSolutionNode = FALSE
	EndGlobalSection
	GlobalSection(ExtensibilityGlobals) = postSolution
		SolutionGuid = {28D9460F-2E72-495A-A86C-0F2E7298DEFC}
	EndGlobalSection
EndGlobal
